
Microsoft Visual Studio Solution File, Format Version 12.00
# Visual Studio Version 17
VisualStudioVersion = 17.0.31903.59
MinimumVisualStudioVersion = 10.0.40219.1
Project("{FAE04EC0-301F-11D3-BF4B-00C04F79EFBC}") = "RecommenderService", "RecommenderService\RecommenderService.csproj", "{0CB515B6-1C5D-471F-9DC5-CA82F460445B}"
EndProject
Project("{FAE04EC0-301F-11D3-BF4B-00C04F79EFBC}") = "TripGeneratorService", "TripGeneratorService\TripGeneratorService.csproj", "{A2367E7D-CAC9-46F0-BB5E-B004CB3C812F}"
EndProject
Project("{2150E333-8FDC-42A3-9474-1A3956D46DE8}") = "CenterEnd", "CenterEnd", "{AA4AC7D2-C975-4DCD-A94C-505237D8F95B}"
EndProject
Project("{FAE04EC0-301F-11D3-BF4B-00C04F79EFBC}") = "CenterEnd.BusinessLogic", "CenterEnd\CenterEnd.BusinessLogic\CenterEnd.BusinessLogic.csproj", "{3082F92D-F7E0-46C6-9560-B0383A7C4327}"
EndProject
Project("{FAE04EC0-301F-11D3-BF4B-00C04F79EFBC}") = "CenterEnd.CoreInfrastructure", "CenterEnd\CenterEnd.CoreInfrastructure\CenterEnd.CoreInfrastructure.csproj", "{63A112F7-B853-4486-B1BE-F598AFC93069}"
EndProject
Project("{FAE04EC0-301F-11D3-BF4B-00C04F79EFBC}") = "CenterEnd.DataAccess", "CenterEnd\CenterEnd.DataAccess\CenterEnd.DataAccess.csproj", "{1A4815DE-8F64-4F12-B39B-846762973B92}"
EndProject
Project("{FAE04EC0-301F-11D3-BF4B-00C04F79EFBC}") = "CenterEnd.Database", "CenterEnd\CenterEnd.Database\CenterEnd.Database.csproj", "{7C4C2903-9B44-402B-AC7E-966DF3B21E20}"
EndProject
Project("{FAE04EC0-301F-11D3-BF4B-00C04F79EFBC}") = "CenterEnd.GatewayApi", "CenterEnd\CenterEnd.GatewayApi\CenterEnd.GatewayApi.csproj", "{91E37176-15A2-41A1-9EDA-6F54DF5A9727}"
EndProject
Global
	GlobalSection(SolutionConfigurationPlatforms) = preSolution
		Debug|Any CPU = Debug|Any CPU
		Release|Any CPU = Release|Any CPU
	EndGlobalSection
	GlobalSection(SolutionProperties) = preSolution
		HideSolutionNode = FALSE
	EndGlobalSection
	GlobalSection(ProjectConfigurationPlatforms) = postSolution
		{0CB515B6-1C5D-471F-9DC5-CA82F460445B}.Debug|Any CPU.ActiveCfg = Debug|Any CPU
		{0CB515B6-1C5D-471F-9DC5-CA82F460445B}.Debug|Any CPU.Build.0 = Debug|Any CPU
		{0CB515B6-1C5D-471F-9DC5-CA82F460445B}.Release|Any CPU.ActiveCfg = Release|Any CPU
		{0CB515B6-1C5D-471F-9DC5-CA82F460445B}.Release|Any CPU.Build.0 = Release|Any CPU
		{A2367E7D-CAC9-46F0-BB5E-B004CB3C812F}.Debug|Any CPU.ActiveCfg = Debug|Any CPU
		{A2367E7D-CAC9-46F0-BB5E-B004CB3C812F}.Debug|Any CPU.Build.0 = Debug|Any CPU
		{A2367E7D-CAC9-46F0-BB5E-B004CB3C812F}.Release|Any CPU.ActiveCfg = Release|Any CPU
		{A2367E7D-CAC9-46F0-BB5E-B004CB3C812F}.Release|Any CPU.Build.0 = Release|Any CPU
		{3082F92D-F7E0-46C6-9560-B0383A7C4327}.Debug|Any CPU.ActiveCfg = Debug|Any CPU
		{3082F92D-F7E0-46C6-9560-B0383A7C4327}.Debug|Any CPU.Build.0 = Debug|Any CPU
		{3082F92D-F7E0-46C6-9560-B0383A7C4327}.Release|Any CPU.ActiveCfg = Release|Any CPU
		{3082F92D-F7E0-46C6-9560-B0383A7C4327}.Release|Any CPU.Build.0 = Release|Any CPU
		{63A112F7-B853-4486-B1BE-F598AFC93069}.Debug|Any CPU.ActiveCfg = Debug|Any CPU
		{63A112F7-B853-4486-B1BE-F598AFC93069}.Debug|Any CPU.Build.0 = Debug|Any CPU
		{63A112F7-B853-4486-B1BE-F598AFC93069}.Release|Any CPU.ActiveCfg = Release|Any CPU
		{63A112F7-B853-4486-B1BE-F598AFC93069}.Release|Any CPU.Build.0 = Release|Any CPU
		{1A4815DE-8F64-4F12-B39B-846762973B92}.Debug|Any CPU.ActiveCfg = Debug|Any CPU
		{1A4815DE-8F64-4F12-B39B-846762973B92}.Debug|Any CPU.Build.0 = Debug|Any CPU
		{1A4815DE-8F64-4F12-B39B-846762973B92}.Release|Any CPU.ActiveCfg = Release|Any CPU
		{1A4815DE-8F64-4F12-B39B-846762973B92}.Release|Any CPU.Build.0 = Release|Any CPU
		{7C4C2903-9B44-402B-AC7E-966DF3B21E20}.Debug|Any CPU.ActiveCfg = Debug|Any CPU
		{7C4C2903-9B44-402B-AC7E-966DF3B21E20}.Debug|Any CPU.Build.0 = Debug|Any CPU
		{7C4C2903-9B44-402B-AC7E-966DF3B21E20}.Release|Any CPU.ActiveCfg = Release|Any CPU
		{7C4C2903-9B44-402B-AC7E-966DF3B21E20}.Release|Any CPU.Build.0 = Release|Any CPU
		{91E37176-15A2-41A1-9EDA-6F54DF5A9727}.Debug|Any CPU.ActiveCfg = Debug|Any CPU
		{91E37176-15A2-41A1-9EDA-6F54DF5A9727}.Debug|Any CPU.Build.0 = Debug|Any CPU
		{91E37176-15A2-41A1-9EDA-6F54DF5A9727}.Release|Any CPU.ActiveCfg = Release|Any CPU
		{91E37176-15A2-41A1-9EDA-6F54DF5A9727}.Release|Any CPU.Build.0 = Release|Any CPU
	EndGlobalSection
	GlobalSection(NestedProjects) = preSolution
		{3082F92D-F7E0-46C6-9560-B0383A7C4327} = {AA4AC7D2-C975-4DCD-A94C-505237D8F95B}
		{63A112F7-B853-4486-B1BE-F598AFC93069} = {AA4AC7D2-C975-4DCD-A94C-505237D8F95B}
		{1A4815DE-8F64-4F12-B39B-846762973B92} = {AA4AC7D2-C975-4DCD-A94C-505237D8F95B}
		{7C4C2903-9B44-402B-AC7E-966DF3B21E20} = {AA4AC7D2-C975-4DCD-A94C-505237D8F95B}
		{91E37176-15A2-41A1-9EDA-6F54DF5A9727} = {AA4AC7D2-C975-4DCD-A94C-505237D8F95B}
	EndGlobalSection
EndGlobal
